
Microsoft Visual Studio Solution File, Format Version 12.00
# Visual Studio 15
VisualStudioVersion = 15.0.28307.329
MinimumVisualStudioVersion = 10.0.40219.1
Project("{8BC9CEB8-8B4A-11D0-8D11-00A0C91BC942}") = "Prog3apply", "Prog3apply\Prog3apply.vcxproj", "{F483D8A0-13E2-4A4E-AD71-3EC01CCBFA6C}"
EndProject
Global
	GlobalSection(SolutionConfigurationPlatforms) = preSolution
		Debug|x64 = Debug|x64
		Debug|x86 = Debug|x86
		Release|x64 = Release|x64
		Release|x86 = Release|x86
	EndGlobalSection
	GlobalSection(ProjectConfigurationPlatforms) = postSolution
		{F483D8A0-13E2-4A4E-AD71-3EC01CCBFA6C}.Debug|x64.ActiveCfg = Debug|x64
		{F483D8A0-13E2-4A4E-AD71-3EC01CCBFA6C}.Debug|x64.Build.0 = Debug|x64
		{F483D8A0-13E2-4A4E-AD71-3EC01CCBFA6C}.Debug|x86.ActiveCfg = Debug|Win32
		{F483D8A0-13E2-4A4E-AD71-3EC01CCBFA6C}.Debug|x86.Build.0 = Debug|Win32
		{F483D8A0-13E2-4A4E-AD71-3EC01CCBFA6C}.Release|x64.ActiveCfg = Release|x64
		{F483D8A0-13E2-4A4E-AD71-3EC01CCBFA6C}.Release|x64.Build.0 = Release|x64
		{F483D8A0-13E2-4A4E-AD71-3EC01CCBFA6C}.Release|x86.ActiveCfg = Release|Win32
		{F483D8A0-13E2-4A4E-AD71-3EC01CCBFA6C}.Release|x86.Build.0 = Release|Win32
	EndGlobalSection
	GlobalSection(SolutionProperties) = preSolution
		HideSolutionNode = FALSE
	EndGlobalSection
	GlobalSection(ExtensibilityGlobals) = postSolution
		SolutionGuid = {E84CC128-EBBD-41F5-ACDD-11BFCAAE2A43}
	EndGlobalSection
EndGlobal
